{
  "nodes": {
    "flake-parts": {
      "inputs": {
        "nixpkgs-lib": "nixpkgs-lib"
      },
      "locked": {
        "lastModified": 1727826117,
        "narHash": "sha256-K5ZLCyfO/Zj9mPFldf3iwS6oZStJcU4tSpiXTMYaaL0=",
        "owner": "hercules-ci",
        "repo": "flake-parts",
        "rev": "3d04084d54bedc3d6b8b736c70ef449225c361b1",
        "type": "github"
      },
      "original": {
        "owner": "hercules-ci",
        "repo": "flake-parts",
        "type": "github"
      }
    },
    "haskell-flake": {
      "locked": {
        "lastModified": 1728227251,
        "narHash": "sha256-JLDhMFyGyFe0QJAbCuSxB7/kjUCA7uUAMa6BFRORwXk=",
        "owner": "srid",
        "repo": "haskell-flake",
        "rev": "9cbfbfc38f1fbf9a0f471795c84780211875fd45",
        "type": "github"
      },
      "original": {
        "owner": "srid",
        "repo": "haskell-flake",
        "type": "github"
      }
    },
    "mylib": {
      "inputs": {
        "nixpkgs": "nixpkgs"
      },
      "locked": {
        "lastModified": 1727926225,
        "narHash": "sha256-ZYuysld7Wsrnw24udmEmuFbkGkP2JA5yL4rQ8xorWGo=",
        "ref": "refs/heads/master",
        "rev": "22a8ab7a670da5a56051e1678a798e5120f471c3",
        "revCount": 5,
        "type": "git",
        "url": "file:///home/nixos/mylib"
      },
      "original": {
        "type": "git",
        "url": "file:///home/nixos/mylib"
      }
    },
    "nixpkgs": {
      "locked": {
        "lastModified": 0,
        "narHash": "sha256-NmcVhGElxDbmEWzgXsyAjlRhUus/nEqPC5So7BOJLUM=",
        "path": "/nix/store/mvz96grv31nxq69ldw5a5pn2qh1s6ca6-source",
        "type": "path"
      },
      "original": {
        "id": "nixpkgs",
        "type": "indirect"
      }
    },
    "nixpkgs-lib": {
      "locked": {
        "lastModified": 1727825735,
        "narHash": "sha256-0xHYkMkeLVQAMa7gvkddbPqpxph+hDzdu1XdGPJR+Os=",
        "type": "tarball",
        "url": "https://github.com/NixOS/nixpkgs/archive/fb192fec7cc7a4c26d51779e9bab07ce6fa5597a.tar.gz"
      },
      "original": {
        "type": "tarball",
        "url": "https://github.com/NixOS/nixpkgs/archive/fb192fec7cc7a4c26d51779e9bab07ce6fa5597a.tar.gz"
      }
    },
    "nixpkgs-unstable": {
      "locked": {
        "lastModified": 1728279793,
        "narHash": "sha256-W3D5YpNrUVTFPVU4jiEiboaaUDShaiH5fRl9aJLqUnU=",
        "owner": "NixOS",
        "repo": "nixpkgs",
        "rev": "f85a2d005e83542784a755ca8da112f4f65c4aa4",
        "type": "github"
      },
      "original": {
        "owner": "NixOS",
        "ref": "nixpkgs-unstable",
        "repo": "nixpkgs",
        "type": "github"
      }
    },
    "nixpkgs_2": {
      "locked": {
        "lastModified": 0,
        "narHash": "sha256-NmcVhGElxDbmEWzgXsyAjlRhUus/nEqPC5So7BOJLUM=",
        "path": "/nix/store/mvz96grv31nxq69ldw5a5pn2qh1s6ca6-source",
        "type": "path"
      },
      "original": {
        "id": "nixpkgs",
        "type": "indirect"
      }
    },
    "root": {
      "inputs": {
        "flake-parts": "flake-parts",
        "haskell-flake": "haskell-flake",
        "mylib": "mylib",
        "nixpkgs": "nixpkgs_2",
        "nixpkgs-unstable": "nixpkgs-unstable",
        "typed-fsm": "typed-fsm"
      }
    },
    "typed-fsm": {
      "flake": false,
      "locked": {
        "lastModified": 1727928914,
        "narHash": "sha256-+c/H6+pn04ocqEVifoXyEwvhPC5t3L31T3RCUDKuDDc=",
        "ref": "refs/heads/main",
        "rev": "9c72f07975e1fb74c537a7505aca7b59b94b91fb",
        "revCount": 72,
        "type": "git",
        "url": "file:///home/nixos/fix/typed-fsm"
      },
      "original": {
        "type": "git",
        "url": "file:///home/nixos/fix/typed-fsm"
      }
    }
  },
  "root": "root",
  "version": 7
}
